
Microsoft Visual Studio Solution File, Format Version 11.00
# Visual Studio 2010
Project("{FAE04EC0-301F-11D3-BF4B-00C04F79EFBC}") = "EdgeReference", "EdgeReference.csproj", "{CACC18D3-7392-44D5-A4A0-AF3861F22A09}"
EndProject
Project("{FAE04EC0-301F-11D3-BF4B-00C04F79EFBC}") = "DotNetTest", "DotNetTest\DotNetTest.csproj", "{D16DE585-1CDA-41AD-AA91-34846EE2027C}"
EndProject
Project("{FAE04EC0-301F-11D3-BF4B-00C04F79EFBC}") = "EdgeReference.Test", "EdgeReference.Test\EdgeReference.Test.csproj", "{EDB488D9-FA25-473F-B11E-BFCF3F5FA3D9}"
EndProject
Global
	GlobalSection(SolutionConfigurationPlatforms) = preSolution
		Debug|Any CPU = Debug|Any CPU
		Release|Any CPU = Release|Any CPU
	EndGlobalSection
	GlobalSection(ProjectConfigurationPlatforms) = postSolution
		{CACC18D3-7392-44D5-A4A0-AF3861F22A09}.Debug|Any CPU.ActiveCfg = Debug|Any CPU
		{CACC18D3-7392-44D5-A4A0-AF3861F22A09}.Debug|Any CPU.Build.0 = Debug|Any CPU
		{CACC18D3-7392-44D5-A4A0-AF3861F22A09}.Release|Any CPU.ActiveCfg = Release|Any CPU
		{CACC18D3-7392-44D5-A4A0-AF3861F22A09}.Release|Any CPU.Build.0 = Release|Any CPU
		{D16DE585-1CDA-41AD-AA91-34846EE2027C}.Debug|Any CPU.ActiveCfg = Debug|Any CPU
		{D16DE585-1CDA-41AD-AA91-34846EE2027C}.Debug|Any CPU.Build.0 = Debug|Any CPU
		{D16DE585-1CDA-41AD-AA91-34846EE2027C}.Release|Any CPU.ActiveCfg = Release|Any CPU
		{D16DE585-1CDA-41AD-AA91-34846EE2027C}.Release|Any CPU.Build.0 = Release|Any CPU
		{EDB488D9-FA25-473F-B11E-BFCF3F5FA3D9}.Debug|Any CPU.ActiveCfg = Debug|Any CPU
		{EDB488D9-FA25-473F-B11E-BFCF3F5FA3D9}.Debug|Any CPU.Build.0 = Debug|Any CPU
		{EDB488D9-FA25-473F-B11E-BFCF3F5FA3D9}.Release|Any CPU.ActiveCfg = Release|Any CPU
		{EDB488D9-FA25-473F-B11E-BFCF3F5FA3D9}.Release|Any CPU.Build.0 = Release|Any CPU
	EndGlobalSection
	GlobalSection(MonoDevelopProperties) = preSolution
		StartupItem = EdgeReference.csproj
	EndGlobalSection
EndGlobal
